
Microsoft Visual Studio Solution File, Format Version 12.00
# Visual Studio Version 17
VisualStudioVersion = 17.12.35521.163 d17.12
MinimumVisualStudioVersion = 10.0.40219.1
Project("{FAE04EC0-301F-11D3-BF4B-00C04F79EFBC}") = "Programmers", "Programmers\Programmers.csproj", "{539AFFA8-3680-4382-B0A8-A53E4D9C14F9}"
EndProject
Project("{2150E333-8FDC-42A3-9474-1A3956D46DE8}") = "ProgrammersBasic", "ProgrammersBasic", "{EA2A84CA-DC96-4EDA-B744-4D3A349865F3}"
EndProject
Global
	GlobalSection(SolutionConfigurationPlatforms) = preSolution
		Debug|Any CPU = Debug|Any CPU
		Release|Any CPU = Release|Any CPU
	EndGlobalSection
	GlobalSection(ProjectConfigurationPlatforms) = postSolution
		{539AFFA8-3680-4382-B0A8-A53E4D9C14F9}.Debug|Any CPU.ActiveCfg = Debug|Any CPU
		{539AFFA8-3680-4382-B0A8-A53E4D9C14F9}.Debug|Any CPU.Build.0 = Debug|Any CPU
		{539AFFA8-3680-4382-B0A8-A53E4D9C14F9}.Release|Any CPU.ActiveCfg = Release|Any CPU
		{539AFFA8-3680-4382-B0A8-A53E4D9C14F9}.Release|Any CPU.Build.0 = Release|Any CPU
	EndGlobalSection
	GlobalSection(SolutionProperties) = preSolution
		HideSolutionNode = FALSE
	EndGlobalSection
	GlobalSection(NestedProjects) = preSolution
		{539AFFA8-3680-4382-B0A8-A53E4D9C14F9} = {EA2A84CA-DC96-4EDA-B744-4D3A349865F3}
	EndGlobalSection
EndGlobal
