Microsoft Visual Studio Solution File, Format Version 12.00
# Visual Studio Version 17
VisualStudioVersion = 17.5.2.0
MinimumVisualStudioVersion = 10.0.40219.1
Project("{FAE04EC0-301F-11D3-BF4B-00C04F79EFBC}") = "Programmers", "Programmers.csproj", "{A36436AE-5EB9-E9F7-593D-F5560F47F645}"
EndProject
Global
	GlobalSection(SolutionConfigurationPlatforms) = preSolution
		Debug|Any CPU = Debug|Any CPU
		Release|Any CPU = Release|Any CPU
	EndGlobalSection
	GlobalSection(ProjectConfigurationPlatforms) = postSolution
		{A36436AE-5EB9-E9F7-593D-F5560F47F645}.Debug|Any CPU.ActiveCfg = Debug|Any CPU
		{A36436AE-5EB9-E9F7-593D-F5560F47F645}.Debug|Any CPU.Build.0 = Debug|Any CPU
		{A36436AE-5EB9-E9F7-593D-F5560F47F645}.Release|Any CPU.ActiveCfg = Release|Any CPU
		{A36436AE-5EB9-E9F7-593D-F5560F47F645}.Release|Any CPU.Build.0 = Release|Any CPU
	EndGlobalSection
	GlobalSection(SolutionProperties) = preSolution
		HideSolutionNode = FALSE
	EndGlobalSection
	GlobalSection(ExtensibilityGlobals) = postSolution
		SolutionGuid = {67B99C06-C3C7-4CE6-A0AA-537670EF9388}
	EndGlobalSection
EndGlobal
